
Microsoft Visual Studio Solution File, Format Version 12.00
# Visual Studio 2013
VisualStudioVersion = 12.0.40629.0
MinimumVisualStudioVersion = 10.0.40219.1
Project("{2150E333-8FDC-42A3-9474-1A3956D46DE8}") = ".nuget", ".nuget", "{533821C1-DF43-40E7-87A3-4CEB66C6CD4B}"
	ProjectSection(SolutionItems) = preProject
		.nuget\NuGet.Config = .nuget\NuGet.Config
		.nuget\NuGet.exe = .nuget\NuGet.exe
		.nuget\NuGet.targets = .nuget\NuGet.targets
	EndProjectSection
EndProject
Project("{2150E333-8FDC-42A3-9474-1A3956D46DE8}") = "Solution Items", "Solution Items", "{F2CE418A-CC1F-4929-B3F5-C794F28279E0}"
	ProjectSection(SolutionItems) = preProject
		.editorconfig = .editorconfig
		Makefile = Makefile
		Settings.StyleCop = Settings.StyleCop
	EndProjectSection
EndProject
Project("{FAE04EC0-301F-11D3-BF4B-00C04F79EFBC}") = "MCI.Reactive", "MCI.Reactive\MCI.Reactive.csproj", "{D89ED696-8BBC-45AA-8068-D686BDD8A347}"
EndProject
Project("{FAE04EC0-301F-11D3-BF4B-00C04F79EFBC}") = "MCI.Reactive.Tests", "MCI.Reactive.Tests\MCI.Reactive.Tests.csproj", "{8CD73AA4-A10A-4F6A-9EA4-B009361F5E9C}"
EndProject
Project("{FAE04EC0-301F-11D3-BF4B-00C04F79EFBC}") = "MCI.Core", "MCI.Core\MCI.Core.csproj", "{BA3620A9-C6D0-411A-9AAB-8E35F4E5F3E3}"
EndProject
Project("{FAE04EC0-301F-11D3-BF4B-00C04F79EFBC}") = "MCI.Core.Tests", "MCI.Core.Tests\MCI.Core.Tests.csproj", "{314CB39B-FBFE-42ED-9EA1-EB913FF4186D}"
EndProject
Project("{FAE04EC0-301F-11D3-BF4B-00C04F79EFBC}") = "MCI.Formats", "MCI.Formats\MCI.Formats.csproj", "{00E37CD7-2C6F-4D54-9EE3-86987640113D}"
EndProject
Project("{FAE04EC0-301F-11D3-BF4B-00C04F79EFBC}") = "MCI.Formats.Tests", "MCI.Formats.Tests\MCI.Formats.Tests.csproj", "{2E9D0979-4197-4D6C-89FA-248188EB745C}"
EndProject
Global
	GlobalSection(SolutionConfigurationPlatforms) = preSolution
		Debug|Any CPU = Debug|Any CPU
		Release|Any CPU = Release|Any CPU
	EndGlobalSection
	GlobalSection(ProjectConfigurationPlatforms) = postSolution
		{D89ED696-8BBC-45AA-8068-D686BDD8A347}.Debug|Any CPU.ActiveCfg = Debug|Any CPU
		{D89ED696-8BBC-45AA-8068-D686BDD8A347}.Debug|Any CPU.Build.0 = Debug|Any CPU
		{D89ED696-8BBC-45AA-8068-D686BDD8A347}.Release|Any CPU.ActiveCfg = Release|Any CPU
		{D89ED696-8BBC-45AA-8068-D686BDD8A347}.Release|Any CPU.Build.0 = Release|Any CPU
		{8CD73AA4-A10A-4F6A-9EA4-B009361F5E9C}.Debug|Any CPU.ActiveCfg = Debug|Any CPU
		{8CD73AA4-A10A-4F6A-9EA4-B009361F5E9C}.Debug|Any CPU.Build.0 = Debug|Any CPU
		{8CD73AA4-A10A-4F6A-9EA4-B009361F5E9C}.Release|Any CPU.ActiveCfg = Release|Any CPU
		{8CD73AA4-A10A-4F6A-9EA4-B009361F5E9C}.Release|Any CPU.Build.0 = Release|Any CPU
		{BA3620A9-C6D0-411A-9AAB-8E35F4E5F3E3}.Debug|Any CPU.ActiveCfg = Debug|Any CPU
		{BA3620A9-C6D0-411A-9AAB-8E35F4E5F3E3}.Debug|Any CPU.Build.0 = Debug|Any CPU
		{BA3620A9-C6D0-411A-9AAB-8E35F4E5F3E3}.Release|Any CPU.ActiveCfg = Release|Any CPU
		{BA3620A9-C6D0-411A-9AAB-8E35F4E5F3E3}.Release|Any CPU.Build.0 = Release|Any CPU
		{314CB39B-FBFE-42ED-9EA1-EB913FF4186D}.Debug|Any CPU.ActiveCfg = Debug|Any CPU
		{314CB39B-FBFE-42ED-9EA1-EB913FF4186D}.Debug|Any CPU.Build.0 = Debug|Any CPU
		{314CB39B-FBFE-42ED-9EA1-EB913FF4186D}.Release|Any CPU.ActiveCfg = Release|Any CPU
		{314CB39B-FBFE-42ED-9EA1-EB913FF4186D}.Release|Any CPU.Build.0 = Release|Any CPU
		{00E37CD7-2C6F-4D54-9EE3-86987640113D}.Debug|Any CPU.ActiveCfg = Debug|Any CPU
		{00E37CD7-2C6F-4D54-9EE3-86987640113D}.Debug|Any CPU.Build.0 = Debug|Any CPU
		{00E37CD7-2C6F-4D54-9EE3-86987640113D}.Release|Any CPU.ActiveCfg = Release|Any CPU
		{00E37CD7-2C6F-4D54-9EE3-86987640113D}.Release|Any CPU.Build.0 = Release|Any CPU
		{2E9D0979-4197-4D6C-89FA-248188EB745C}.Debug|Any CPU.ActiveCfg = Debug|Any CPU
		{2E9D0979-4197-4D6C-89FA-248188EB745C}.Debug|Any CPU.Build.0 = Debug|Any CPU
		{2E9D0979-4197-4D6C-89FA-248188EB745C}.Release|Any CPU.ActiveCfg = Release|Any CPU
		{2E9D0979-4197-4D6C-89FA-248188EB745C}.Release|Any CPU.Build.0 = Release|Any CPU
	EndGlobalSection
	GlobalSection(SolutionProperties) = preSolution
		HideSolutionNode = FALSE
	EndGlobalSection
EndGlobal
